
Microsoft Visual Studio Solution File, Format Version 11.00
# Visual Studio 2010
Project("{8BC9CEB8-8B4A-11D0-8D11-00A0C91BC942}") = "BusSpeedDownload", "build-windows\BusSpeedDownload.vcxproj", "{D0D08CDE-DF62-481B-9E43-7A3B6C3ED02A}"
EndProject
Project("{8BC9CEB8-8B4A-11D0-8D11-00A0C91BC942}") = "BusSpeedReadback", "build-windows\BusSpeedReadback.vcxproj", "{277FBEA5-37FB-4280-8D6F-3A343B621CE1}"
EndProject
Project("{8BC9CEB8-8B4A-11D0-8D11-00A0C91BC942}") = "DeviceMemory", "build-windows\DeviceMemory.vcxproj", "{55508275-5EE1-4265-91FE-A67545F50D2F}"
EndProject
Project("{8BC9CEB8-8B4A-11D0-8D11-00A0C91BC942}") = "MaxFlops", "build-windows\MaxFlops.vcxproj", "{90BF3465-BDA6-4141-8AFB-E1CE5CD17F58}"
EndProject
Project("{2150E333-8FDC-42A3-9474-1A3956D46DE8}") = "Level0", "Level0", "{59EA45CC-AA58-43F3-9989-6DFBA635196D}"
EndProject
Project("{2150E333-8FDC-42A3-9474-1A3956D46DE8}") = "Level1", "Level1", "{2CCF9C45-6C2F-4793-9D8E-B4CD9CFA8E78}"
EndProject
Project("{8BC9CEB8-8B4A-11D0-8D11-00A0C91BC942}") = "BFS", "build-windows\BFS.vcxproj", "{FD6ECF50-9536-4F1E-97CB-6EB5CF5A07FE}"
EndProject
Project("{8BC9CEB8-8B4A-11D0-8D11-00A0C91BC942}") = "FFT", "build-windows\FFT.vcxproj", "{EE811DA1-714F-4F13-A2A4-1E5B235AAB9D}"
EndProject
Project("{8BC9CEB8-8B4A-11D0-8D11-00A0C91BC942}") = "MD", "build-windows\MD.vcxproj", "{D129CBE9-6028-4BBA-9A56-7EA3672E0019}"
EndProject
Project("{8BC9CEB8-8B4A-11D0-8D11-00A0C91BC942}") = "Reduction", "build-windows\Reduction.vcxproj", "{D3847B61-B95B-4F04-A71C-5092AD934B91}"
EndProject
Project("{8BC9CEB8-8B4A-11D0-8D11-00A0C91BC942}") = "Scan", "build-windows\Scan.vcxproj", "{A5553A56-0F47-43C8-AF3C-5B8A83D0624A}"
EndProject
Project("{8BC9CEB8-8B4A-11D0-8D11-00A0C91BC942}") = "SGEMM", "build-windows\SGEMM.vcxproj", "{2FF80CBC-794C-41A8-82B1-04D52207CABD}"
EndProject
Project("{8BC9CEB8-8B4A-11D0-8D11-00A0C91BC942}") = "Sort", "build-windows\Sort.vcxproj", "{790CEAEC-3BE4-4145-BE36-DDBD177668B9}"
EndProject
Project("{8BC9CEB8-8B4A-11D0-8D11-00A0C91BC942}") = "SPMV", "build-windows\SPMV.vcxproj", "{1E379570-EC13-4400-A61D-1632BFB3A5C9}"
EndProject
Project("{8BC9CEB8-8B4A-11D0-8D11-00A0C91BC942}") = "Stencil2D", "build-windows\Stencil2D.vcxproj", "{1D1CAAEE-CCEC-48EF-9AA2-853D3EBD7456}"
EndProject
Project("{8BC9CEB8-8B4A-11D0-8D11-00A0C91BC942}") = "Triad", "build-windows\Triad.vcxproj", "{83239255-3856-4C88-9833-71F258E708A3}"
EndProject
Project("{2150E333-8FDC-42A3-9474-1A3956D46DE8}") = "Level2", "Level2", "{0FFD8630-847B-4FD7-81E7-9B53A059850A}"
EndProject
Project("{8BC9CEB8-8B4A-11D0-8D11-00A0C91BC942}") = "QTC", "build-windows\QTC.vcxproj", "{30E39A56-FB96-4BCC-AD24-5ABBE769C2D7}"
EndProject
Project("{8BC9CEB8-8B4A-11D0-8D11-00A0C91BC942}") = "S3D", "build-windows\S3D.vcxproj", "{4ABE6E77-9ED6-4433-B9C3-5C357BAD5341}"
EndProject
Global
	GlobalSection(SolutionConfigurationPlatforms) = preSolution
		Debug|Win32 = Debug|Win32
		Release|Win32 = Release|Win32
	EndGlobalSection
	GlobalSection(ProjectConfigurationPlatforms) = postSolution
		{D0D08CDE-DF62-481B-9E43-7A3B6C3ED02A}.Debug|Win32.ActiveCfg = Debug|Win32
		{D0D08CDE-DF62-481B-9E43-7A3B6C3ED02A}.Debug|Win32.Build.0 = Debug|Win32
		{D0D08CDE-DF62-481B-9E43-7A3B6C3ED02A}.Release|Win32.ActiveCfg = Release|Win32
		{D0D08CDE-DF62-481B-9E43-7A3B6C3ED02A}.Release|Win32.Build.0 = Release|Win32
		{277FBEA5-37FB-4280-8D6F-3A343B621CE1}.Debug|Win32.ActiveCfg = Debug|Win32
		{277FBEA5-37FB-4280-8D6F-3A343B621CE1}.Debug|Win32.Build.0 = Debug|Win32
		{277FBEA5-37FB-4280-8D6F-3A343B621CE1}.Release|Win32.ActiveCfg = Release|Win32
		{277FBEA5-37FB-4280-8D6F-3A343B621CE1}.Release|Win32.Build.0 = Release|Win32
		{55508275-5EE1-4265-91FE-A67545F50D2F}.Debug|Win32.ActiveCfg = Debug|Win32
		{55508275-5EE1-4265-91FE-A67545F50D2F}.Debug|Win32.Build.0 = Debug|Win32
		{55508275-5EE1-4265-91FE-A67545F50D2F}.Release|Win32.ActiveCfg = Release|Win32
		{55508275-5EE1-4265-91FE-A67545F50D2F}.Release|Win32.Build.0 = Release|Win32
		{90BF3465-BDA6-4141-8AFB-E1CE5CD17F58}.Debug|Win32.ActiveCfg = Debug|Win32
		{90BF3465-BDA6-4141-8AFB-E1CE5CD17F58}.Debug|Win32.Build.0 = Debug|Win32
		{90BF3465-BDA6-4141-8AFB-E1CE5CD17F58}.Release|Win32.ActiveCfg = Release|Win32
		{90BF3465-BDA6-4141-8AFB-E1CE5CD17F58}.Release|Win32.Build.0 = Release|Win32
		{FD6ECF50-9536-4F1E-97CB-6EB5CF5A07FE}.Debug|Win32.ActiveCfg = Debug|Win32
		{FD6ECF50-9536-4F1E-97CB-6EB5CF5A07FE}.Debug|Win32.Build.0 = Debug|Win32
		{FD6ECF50-9536-4F1E-97CB-6EB5CF5A07FE}.Release|Win32.ActiveCfg = Release|Win32
		{FD6ECF50-9536-4F1E-97CB-6EB5CF5A07FE}.Release|Win32.Build.0 = Release|Win32
		{EE811DA1-714F-4F13-A2A4-1E5B235AAB9D}.Debug|Win32.ActiveCfg = Debug|Win32
		{EE811DA1-714F-4F13-A2A4-1E5B235AAB9D}.Debug|Win32.Build.0 = Debug|Win32
		{EE811DA1-714F-4F13-A2A4-1E5B235AAB9D}.Release|Win32.ActiveCfg = Release|Win32
		{EE811DA1-714F-4F13-A2A4-1E5B235AAB9D}.Release|Win32.Build.0 = Release|Win32
		{D129CBE9-6028-4BBA-9A56-7EA3672E0019}.Debug|Win32.ActiveCfg = Debug|Win32
		{D129CBE9-6028-4BBA-9A56-7EA3672E0019}.Debug|Win32.Build.0 = Debug|Win32
		{D129CBE9-6028-4BBA-9A56-7EA3672E0019}.Release|Win32.ActiveCfg = Release|Win32
		{D129CBE9-6028-4BBA-9A56-7EA3672E0019}.Release|Win32.Build.0 = Release|Win32
		{D3847B61-B95B-4F04-A71C-5092AD934B91}.Debug|Win32.ActiveCfg = Debug|Win32
		{D3847B61-B95B-4F04-A71C-5092AD934B91}.Debug|Win32.Build.0 = Debug|Win32
		{D3847B61-B95B-4F04-A71C-5092AD934B91}.Release|Win32.ActiveCfg = Release|Win32
		{D3847B61-B95B-4F04-A71C-5092AD934B91}.Release|Win32.Build.0 = Release|Win32
		{A5553A56-0F47-43C8-AF3C-5B8A83D0624A}.Debug|Win32.ActiveCfg = Debug|Win32
		{A5553A56-0F47-43C8-AF3C-5B8A83D0624A}.Debug|Win32.Build.0 = Debug|Win32
		{A5553A56-0F47-43C8-AF3C-5B8A83D0624A}.Release|Win32.ActiveCfg = Release|Win32
		{A5553A56-0F47-43C8-AF3C-5B8A83D0624A}.Release|Win32.Build.0 = Release|Win32
		{2FF80CBC-794C-41A8-82B1-04D52207CABD}.Debug|Win32.ActiveCfg = Debug|Win32
		{2FF80CBC-794C-41A8-82B1-04D52207CABD}.Debug|Win32.Build.0 = Debug|Win32
		{2FF80CBC-794C-41A8-82B1-04D52207CABD}.Release|Win32.ActiveCfg = Release|Win32
		{2FF80CBC-794C-41A8-82B1-04D52207CABD}.Release|Win32.Build.0 = Release|Win32
		{790CEAEC-3BE4-4145-BE36-DDBD177668B9}.Debug|Win32.ActiveCfg = Debug|Win32
		{790CEAEC-3BE4-4145-BE36-DDBD177668B9}.Debug|Win32.Build.0 = Debug|Win32
		{790CEAEC-3BE4-4145-BE36-DDBD177668B9}.Release|Win32.ActiveCfg = Release|Win32
		{790CEAEC-3BE4-4145-BE36-DDBD177668B9}.Release|Win32.Build.0 = Release|Win32
		{1E379570-EC13-4400-A61D-1632BFB3A5C9}.Debug|Win32.ActiveCfg = Debug|Win32
		{1E379570-EC13-4400-A61D-1632BFB3A5C9}.Debug|Win32.Build.0 = Debug|Win32
		{1E379570-EC13-4400-A61D-1632BFB3A5C9}.Release|Win32.ActiveCfg = Release|Win32
		{1E379570-EC13-4400-A61D-1632BFB3A5C9}.Release|Win32.Build.0 = Release|Win32
		{1D1CAAEE-CCEC-48EF-9AA2-853D3EBD7456}.Debug|Win32.ActiveCfg = Debug|Win32
		{1D1CAAEE-CCEC-48EF-9AA2-853D3EBD7456}.Debug|Win32.Build.0 = Debug|Win32
		{1D1CAAEE-CCEC-48EF-9AA2-853D3EBD7456}.Release|Win32.ActiveCfg = Release|Win32
		{1D1CAAEE-CCEC-48EF-9AA2-853D3EBD7456}.Release|Win32.Build.0 = Release|Win32
		{83239255-3856-4C88-9833-71F258E708A3}.Debug|Win32.ActiveCfg = Debug|Win32
		{83239255-3856-4C88-9833-71F258E708A3}.Debug|Win32.Build.0 = Debug|Win32
		{83239255-3856-4C88-9833-71F258E708A3}.Release|Win32.ActiveCfg = Release|Win32
		{83239255-3856-4C88-9833-71F258E708A3}.Release|Win32.Build.0 = Release|Win32
		{30E39A56-FB96-4BCC-AD24-5ABBE769C2D7}.Debug|Win32.ActiveCfg = Debug|Win32
		{30E39A56-FB96-4BCC-AD24-5ABBE769C2D7}.Debug|Win32.Build.0 = Debug|Win32
		{30E39A56-FB96-4BCC-AD24-5ABBE769C2D7}.Release|Win32.ActiveCfg = Release|Win32
		{30E39A56-FB96-4BCC-AD24-5ABBE769C2D7}.Release|Win32.Build.0 = Release|Win32
		{4ABE6E77-9ED6-4433-B9C3-5C357BAD5341}.Debug|Win32.ActiveCfg = Debug|Win32
		{4ABE6E77-9ED6-4433-B9C3-5C357BAD5341}.Debug|Win32.Build.0 = Debug|Win32
		{4ABE6E77-9ED6-4433-B9C3-5C357BAD5341}.Release|Win32.ActiveCfg = Release|Win32
		{4ABE6E77-9ED6-4433-B9C3-5C357BAD5341}.Release|Win32.Build.0 = Release|Win32
	EndGlobalSection
	GlobalSection(SolutionProperties) = preSolution
		HideSolutionNode = FALSE
	EndGlobalSection
	GlobalSection(NestedProjects) = preSolution
		{277FBEA5-37FB-4280-8D6F-3A343B621CE1} = {59EA45CC-AA58-43F3-9989-6DFBA635196D}
		{55508275-5EE1-4265-91FE-A67545F50D2F} = {59EA45CC-AA58-43F3-9989-6DFBA635196D}
		{90BF3465-BDA6-4141-8AFB-E1CE5CD17F58} = {59EA45CC-AA58-43F3-9989-6DFBA635196D}
		{D0D08CDE-DF62-481B-9E43-7A3B6C3ED02A} = {59EA45CC-AA58-43F3-9989-6DFBA635196D}
		{FD6ECF50-9536-4F1E-97CB-6EB5CF5A07FE} = {2CCF9C45-6C2F-4793-9D8E-B4CD9CFA8E78}
		{EE811DA1-714F-4F13-A2A4-1E5B235AAB9D} = {2CCF9C45-6C2F-4793-9D8E-B4CD9CFA8E78}
		{D129CBE9-6028-4BBA-9A56-7EA3672E0019} = {2CCF9C45-6C2F-4793-9D8E-B4CD9CFA8E78}
		{D3847B61-B95B-4F04-A71C-5092AD934B91} = {2CCF9C45-6C2F-4793-9D8E-B4CD9CFA8E78}
		{A5553A56-0F47-43C8-AF3C-5B8A83D0624A} = {2CCF9C45-6C2F-4793-9D8E-B4CD9CFA8E78}
		{2FF80CBC-794C-41A8-82B1-04D52207CABD} = {2CCF9C45-6C2F-4793-9D8E-B4CD9CFA8E78}
		{790CEAEC-3BE4-4145-BE36-DDBD177668B9} = {2CCF9C45-6C2F-4793-9D8E-B4CD9CFA8E78}
		{1E379570-EC13-4400-A61D-1632BFB3A5C9} = {2CCF9C45-6C2F-4793-9D8E-B4CD9CFA8E78}
		{1D1CAAEE-CCEC-48EF-9AA2-853D3EBD7456} = {2CCF9C45-6C2F-4793-9D8E-B4CD9CFA8E78}
		{83239255-3856-4C88-9833-71F258E708A3} = {2CCF9C45-6C2F-4793-9D8E-B4CD9CFA8E78}
		{30E39A56-FB96-4BCC-AD24-5ABBE769C2D7} = {0FFD8630-847B-4FD7-81E7-9B53A059850A}
		{4ABE6E77-9ED6-4433-B9C3-5C357BAD5341} = {0FFD8630-847B-4FD7-81E7-9B53A059850A}
	EndGlobalSection
EndGlobal
